// !$*UTF8*$!
{
	archiveVersion = 1;
	classes = {
	};
	objectVersion = 50;
	objects = {

/* Begin PBXBuildFile section */
		D9A27C3A24FA0EF000E1E304 /* AppDelegate.swift in Sources */ = {isa = PBXBuildFile; fileRef = D9A27C3924FA0EF000E1E304 /* AppDelegate.swift */; };
		D9A27C3C24FA0EF000E1E304 /* ContentView.swift in Sources */ = {isa = PBXBuildFile; fileRef = D9A27C3B24FA0EF000E1E304 /* ContentView.swift */; };
		D9A27C3F24FA0EF000E1E304 /* Programer_Toolkit.xcdatamodeld in Sources */ = {isa = PBXBuildFile; fileRef = D9A27C3D24FA0EF000E1E304 /* Programer_Toolkit.xcdatamodeld */; };
		D9A27C4124FA0EF100E1E304 /* Assets.xcassets in Resources */ = {isa = PBXBuildFile; fileRef = D9A27C4024FA0EF100E1E304 /* Assets.xcassets */; };
		D9A27C4424FA0EF100E1E304 /* Preview Assets.xcassets in Resources */ = {isa = PBXBuildFile; fileRef = D9A27C4324FA0EF100E1E304 /* Preview Assets.xcassets */; };
		D9A27C4724FA0EF100E1E304 /* Main.storyboard in Resources */ = {isa = PBXBuildFile; fileRef = D9A27C4524FA0EF100E1E304 /* Main.storyboard */; };
		D9A27C5124FA0F2A00E1E304 /* Form.swift in Sources */ = {isa = PBXBuildFile; fileRef = D9A27C5024FA0F2A00E1E304 /* Form.swift */; };
		D9A27C5424FA0FA000E1E304 /* SideBar.swift in Sources */ = {isa = PBXBuildFile; fileRef = D9A27C5324FA0FA000E1E304 /* SideBar.swift */; };
		D9A27C5624FA0FB600E1E304 /* SideBarItem.swift in Sources */ = {isa = PBXBuildFile; fileRef = D9A27C5524FA0FB600E1E304 /* SideBarItem.swift */; };
		D9A27C5924FA0FDA00E1E304 /* ColorExtensions.swift in Sources */ = {isa = PBXBuildFile; fileRef = D9A27C5824FA0FDA00E1E304 /* ColorExtensions.swift */; };
		D9A27C5C24FA0FFE00E1E304 /* UserData.swift in Sources */ = {isa = PBXBuildFile; fileRef = D9A27C5B24FA0FFE00E1E304 /* UserData.swift */; };
		D9A27C5F24FA105800E1E304 /* MainLayout.swift in Sources */ = {isa = PBXBuildFile; fileRef = D9A27C5E24FA105800E1E304 /* MainLayout.swift */; };
		D9A27C6324FA108800E1E304 /* TrimmingView.swift in Sources */ = {isa = PBXBuildFile; fileRef = D9A27C6224FA108800E1E304 /* TrimmingView.swift */; };
		D9A27C6624FA109800E1E304 /* InformationView.swift in Sources */ = {isa = PBXBuildFile; fileRef = D9A27C6524FA109800E1E304 /* InformationView.swift */; };
		D9A27C6924FA119400E1E304 /* ContainerView.swift in Sources */ = {isa = PBXBuildFile; fileRef = D9A27C6824FA119400E1E304 /* ContainerView.swift */; };
/* End PBXBuildFile section */

/* Begin PBXFileReference section */
		D9A27C3624FA0EF000E1E304 /* Programmer Toolkit.app */ = {isa = PBXFileReference; explicitFileType = wrapper.application; includeInIndex = 0; path = "Programmer Toolkit.app"; sourceTree = BUILT_PRODUCTS_DIR; };
		D9A27C3924FA0EF000E1E304 /* AppDelegate.swift */ = {isa = PBXFileReference; lastKnownFileType = sourcecode.swift; path = AppDelegate.swift; sourceTree = "<group>"; };
		D9A27C3B24FA0EF000E1E304 /* ContentView.swift */ = {isa = PBXFileReference; lastKnownFileType = sourcecode.swift; path = ContentView.swift; sourceTree = "<group>"; };
		D9A27C3E24FA0EF000E1E304 /* Programer_Toolkit.xcdatamodel */ = {isa = PBXFileReference; lastKnownFileType = wrapper.xcdatamodel; path = Programer_Toolkit.xcdatamodel; sourceTree = "<group>"; };
		D9A27C4024FA0EF100E1E304 /* Assets.xcassets */ = {isa = PBXFileReference; lastKnownFileType = folder.assetcatalog; path = Assets.xcassets; sourceTree = "<group>"; };
		D9A27C4324FA0EF100E1E304 /* Preview Assets.xcassets */ = {isa = PBXFileReference; lastKnownFileType = folder.assetcatalog; path = "Preview Assets.xcassets"; sourceTree = "<group>"; };
		D9A27C4624FA0EF100E1E304 /* Base */ = {isa = PBXFileReference; lastKnownFileType = file.storyboard; name = Base; path = Base.lproj/Main.storyboard; sourceTree = "<group>"; };
		D9A27C4824FA0EF100E1E304 /* Info.plist */ = {isa = PBXFileReference; lastKnownFileType = text.plist.xml; path = Info.plist; sourceTree = "<group>"; };
		D9A27C4924FA0EF100E1E304 /* Programer_Toolkit.entitlements */ = {isa = PBXFileReference; lastKnownFileType = text.plist.entitlements; path = Programer_Toolkit.entitlements; sourceTree = "<group>"; };
		D9A27C5024FA0F2A00E1E304 /* Form.swift */ = {isa = PBXFileReference; lastKnownFileType = sourcecode.swift; path = Form.swift; sourceTree = "<group>"; };
		D9A27C5324FA0FA000E1E304 /* SideBar.swift */ = {isa = PBXFileReference; lastKnownFileType = sourcecode.swift; path = SideBar.swift; sourceTree = "<group>"; };
		D9A27C5524FA0FB600E1E304 /* SideBarItem.swift */ = {isa = PBXFileReference; lastKnownFileType = sourcecode.swift; path = SideBarItem.swift; sourceTree = "<group>"; };
		D9A27C5824FA0FDA00E1E304 /* ColorExtensions.swift */ = {isa = PBXFileReference; lastKnownFileType = sourcecode.swift; path = ColorExtensions.swift; sourceTree = "<group>"; };
		D9A27C5B24FA0FFE00E1E304 /* UserData.swift */ = {isa = PBXFileReference; lastKnownFileType = sourcecode.swift; path = UserData.swift; sourceTree = "<group>"; };
		D9A27C5E24FA105800E1E304 /* MainLayout.swift */ = {isa = PBXFileReference; lastKnownFileType = sourcecode.swift; path = MainLayout.swift; sourceTree = "<group>"; };
		D9A27C6224FA108800E1E304 /* TrimmingView.swift */ = {isa = PBXFileReference; lastKnownFileType = sourcecode.swift; path = TrimmingView.swift; sourceTree = "<group>"; };
		D9A27C6524FA109800E1E304 /* InformationView.swift */ = {isa = PBXFileReference; lastKnownFileType = sourcecode.swift; path = InformationView.swift; sourceTree = "<group>"; };
		D9A27C6824FA119400E1E304 /* ContainerView.swift */ = {isa = PBXFileReference; lastKnownFileType = sourcecode.swift; path = ContainerView.swift; sourceTree = "<group>"; };
/* End PBXFileReference section */

/* Begin PBXFrameworksBuildPhase section */
		D9A27C3324FA0EF000E1E304 /* Frameworks */ = {
			isa = PBXFrameworksBuildPhase;
			buildActionMask = 2147483647;
			files = (
			);
			runOnlyForDeploymentPostprocessing = 0;
		};
/* End PBXFrameworksBuildPhase section */

/* Begin PBXGroup section */
		D9A27C2D24FA0EF000E1E304 = {
			isa = PBXGroup;
			children = (
				D9A27C3824FA0EF000E1E304 /* Programmer Toolkit */,
				D9A27C3724FA0EF000E1E304 /* Products */,
			);
			sourceTree = "<group>";
		};
		D9A27C3724FA0EF000E1E304 /* Products */ = {
			isa = PBXGroup;
			children = (
				D9A27C3624FA0EF000E1E304 /* Programmer Toolkit.app */,
			);
			name = Products;
			sourceTree = "<group>";
		};
		D9A27C3824FA0EF000E1E304 /* Programmer Toolkit */ = {
			isa = PBXGroup;
			children = (
				D9A27C5D24FA104C00E1E304 /* Views */,
				D9A27C5A24FA0FF400E1E304 /* Models */,
				D9A27C5724FA0FCB00E1E304 /* Extensions */,
				D9A27C5224FA0F9300E1E304 /* MainLayout */,
				D9A27C4F24FA0F0A00E1E304 /* SupportingViews */,
				D9A27C3924FA0EF000E1E304 /* AppDelegate.swift */,
				D9A27C3B24FA0EF000E1E304 /* ContentView.swift */,
				D9A27C4024FA0EF100E1E304 /* Assets.xcassets */,
				D9A27C4524FA0EF100E1E304 /* Main.storyboard */,
				D9A27C4824FA0EF100E1E304 /* Info.plist */,
				D9A27C4924FA0EF100E1E304 /* Programer_Toolkit.entitlements */,
				D9A27C3D24FA0EF000E1E304 /* Programer_Toolkit.xcdatamodeld */,
				D9A27C4224FA0EF100E1E304 /* Preview Content */,
			);
			path = "Programmer Toolkit";
			sourceTree = "<group>";
		};
		D9A27C4224FA0EF100E1E304 /* Preview Content */ = {
			isa = PBXGroup;
			children = (
				D9A27C4324FA0EF100E1E304 /* Preview Assets.xcassets */,
			);
			path = "Preview Content";
			sourceTree = "<group>";
		};
		D9A27C4F24FA0F0A00E1E304 /* SupportingViews */ = {
			isa = PBXGroup;
			children = (
				D9A27C5024FA0F2A00E1E304 /* Form.swift */,
				D9A27C5524FA0FB600E1E304 /* SideBarItem.swift */,
			);
			path = SupportingViews;
			sourceTree = "<group>";
		};
		D9A27C5224FA0F9300E1E304 /* MainLayout */ = {
			isa = PBXGroup;
			children = (
				D9A27C5324FA0FA000E1E304 /* SideBar.swift */,
			);
			path = MainLayout;
			sourceTree = "<group>";
		};
		D9A27C5724FA0FCB00E1E304 /* Extensions */ = {
			isa = PBXGroup;
			children = (
				D9A27C5824FA0FDA00E1E304 /* ColorExtensions.swift */,
			);
			path = Extensions;
			sourceTree = "<group>";
		};
		D9A27C5A24FA0FF400E1E304 /* Models */ = {
			isa = PBXGroup;
			children = (
				D9A27C5B24FA0FFE00E1E304 /* UserData.swift */,
			);
			path = Models;
			sourceTree = "<group>";
		};
		D9A27C5D24FA104C00E1E304 /* Views */ = {
			isa = PBXGroup;
			children = (
				D9A27C6724FA118C00E1E304 /* HOC */,
				D9A27C6424FA108B00E1E304 /* Information */,
				D9A27C6124FA107B00E1E304 /* Trimming */,
				D9A27C6024FA106600E1E304 /* MainLayout */,
			);
			path = Views;
			sourceTree = "<group>";
		};
		D9A27C6024FA106600E1E304 /* MainLayout */ = {
			isa = PBXGroup;
			children = (
				D9A27C5E24FA105800E1E304 /* MainLayout.swift */,
			);
			path = MainLayout;
			sourceTree = "<group>";
		};
		D9A27C6124FA107B00E1E304 /* Trimming */ = {
			isa = PBXGroup;
			children = (
				D9A27C6224FA108800E1E304 /* TrimmingView.swift */,
			);
			path = Trimming;
			sourceTree = "<group>";
		};
		D9A27C6424FA108B00E1E304 /* Information */ = {
			isa = PBXGroup;
			children = (
				D9A27C6524FA109800E1E304 /* InformationView.swift */,
			);
			path = Information;
			sourceTree = "<group>";
		};
		D9A27C6724FA118C00E1E304 /* HOC */ = {
			isa = PBXGroup;
			children = (
				D9A27C6824FA119400E1E304 /* ContainerView.swift */,
			);
			path = HOC;
			sourceTree = "<group>";
		};
/* End PBXGroup section */

/* Begin PBXNativeTarget section */
		D9A27C3524FA0EF000E1E304 /* Programmer Toolkit */ = {
			isa = PBXNativeTarget;
			buildConfigurationList = D9A27C4C24FA0EF100E1E304 /* Build configuration list for PBXNativeTarget "Programmer Toolkit" */;
			buildPhases = (
				D9A27C3224FA0EF000E1E304 /* Sources */,
				D9A27C3324FA0EF000E1E304 /* Frameworks */,
				D9A27C3424FA0EF000E1E304 /* Resources */,
			);
			buildRules = (
			);
			dependencies = (
			);
			name = "Programmer Toolkit";
			productName = "Programer Toolkit";
			productReference = D9A27C3624FA0EF000E1E304 /* Programmer Toolkit.app */;
			productType = "com.apple.product-type.application";
		};
/* End PBXNativeTarget section */

/* Begin PBXProject section */
		D9A27C2E24FA0EF000E1E304 /* Project object */ = {
			isa = PBXProject;
			attributes = {
				LastSwiftUpdateCheck = 1160;
				LastUpgradeCheck = 1160;
				ORGANIZATIONNAME = ThienMD;
				TargetAttributes = {
					D9A27C3524FA0EF000E1E304 = {
						CreatedOnToolsVersion = 11.6;
					};
				};
			};
			buildConfigurationList = D9A27C3124FA0EF000E1E304 /* Build configuration list for PBXProject "Programmer Toolkit" */;
			compatibilityVersion = "Xcode 9.3";
			developmentRegion = en;
			hasScannedForEncodings = 0;
			knownRegions = (
				en,
				Base,
			);
			mainGroup = D9A27C2D24FA0EF000E1E304;
			productRefGroup = D9A27C3724FA0EF000E1E304 /* Products */;
			projectDirPath = "";
			projectRoot = "";
			targets = (
				D9A27C3524FA0EF000E1E304 /* Programmer Toolkit */,
			);
		};
/* End PBXProject section */

/* Begin PBXResourcesBuildPhase section */
		D9A27C3424FA0EF000E1E304 /* Resources */ = {
			isa = PBXResourcesBuildPhase;
			buildActionMask = 2147483647;
			files = (
				D9A27C4724FA0EF100E1E304 /* Main.storyboard in Resources */,
				D9A27C4424FA0EF100E1E304 /* Preview Assets.xcassets in Resources */,
				D9A27C4124FA0EF100E1E304 /* Assets.xcassets in Resources */,
			);
			runOnlyForDeploymentPostprocessing = 0;
		};
/* End PBXResourcesBuildPhase section */

/* Begin PBXSourcesBuildPhase section */
		D9A27C3224FA0EF000E1E304 /* Sources */ = {
			isa = PBXSourcesBuildPhase;
			buildActionMask = 2147483647;
			files = (
				D9A27C5424FA0FA000E1E304 /* SideBar.swift in Sources */,
				D9A27C6624FA109800E1E304 /* InformationView.swift in Sources */,
				D9A27C5624FA0FB600E1E304 /* SideBarItem.swift in Sources */,
				D9A27C5C24FA0FFE00E1E304 /* UserData.swift in Sources */,
				D9A27C3F24FA0EF000E1E304 /* Programer_Toolkit.xcdatamodeld in Sources */,
				D9A27C5124FA0F2A00E1E304 /* Form.swift in Sources */,
				D9A27C3C24FA0EF000E1E304 /* ContentView.swift in Sources */,
				D9A27C3A24FA0EF000E1E304 /* AppDelegate.swift in Sources */,
				D9A27C6924FA119400E1E304 /* ContainerView.swift in Sources */,
				D9A27C6324FA108800E1E304 /* TrimmingView.swift in Sources */,
				D9A27C5924FA0FDA00E1E304 /* ColorExtensions.swift in Sources */,
				D9A27C5F24FA105800E1E304 /* MainLayout.swift in Sources */,
			);
			runOnlyForDeploymentPostprocessing = 0;
		};
/* End PBXSourcesBuildPhase section */

/* Begin PBXVariantGroup section */
		D9A27C4524FA0EF100E1E304 /* Main.storyboard */ = {
			isa = PBXVariantGroup;
			children = (
				D9A27C4624FA0EF100E1E304 /* Base */,
			);
			name = Main.storyboard;
			sourceTree = "<group>";
		};
/* End PBXVariantGroup section */

/* Begin XCBuildConfiguration section */
		D9A27C4A24FA0EF100E1E304 /* Debug */ = {
			isa = XCBuildConfiguration;
			buildSettings = {
				ALWAYS_SEARCH_USER_PATHS = NO;
				CLANG_ANALYZER_NONNULL = YES;
				CLANG_ANALYZER_NUMBER_OBJECT_CONVERSION = YES_AGGRESSIVE;
				CLANG_CXX_LANGUAGE_STANDARD = "gnu++14";
				CLANG_CXX_LIBRARY = "libc++";
				CLANG_ENABLE_MODULES = YES;
				CLANG_ENABLE_OBJC_ARC = YES;
				CLANG_ENABLE_OBJC_WEAK = YES;
				CLANG_WARN_BLOCK_CAPTURE_AUTORELEASING = YES;
				CLANG_WARN_BOOL_CONVERSION = YES;
				CLANG_WARN_COMMA = YES;
				CLANG_WARN_CONSTANT_CONVERSION = YES;
				CLANG_WARN_DEPRECATED_OBJC_IMPLEMENTATIONS = YES;
				CLANG_WARN_DIRECT_OBJC_ISA_USAGE = YES_ERROR;
				CLANG_WARN_DOCUMENTATION_COMMENTS = YES;
				CLANG_WARN_EMPTY_BODY = YES;
				CLANG_WARN_ENUM_CONVERSION = YES;
				CLANG_WARN_INFINITE_RECURSION = YES;
				CLANG_WARN_INT_CONVERSION = YES;
				CLANG_WARN_NON_LITERAL_NULL_CONVERSION = YES;
				CLANG_WARN_OBJC_IMPLICIT_RETAIN_SELF = YES;
				CLANG_WARN_OBJC_LITERAL_CONVERSION = YES;
				CLANG_WARN_OBJC_ROOT_CLASS = YES_ERROR;
				CLANG_WARN_RANGE_LOOP_ANALYSIS = YES;
				CLANG_WARN_STRICT_PROTOTYPES = YES;
				CLANG_WARN_SUSPICIOUS_MOVE = YES;
				CLANG_WARN_UNGUARDED_AVAILABILITY = YES_AGGRESSIVE;
				CLANG_WARN_UNREACHABLE_CODE = YES;
				CLANG_WARN__DUPLICATE_METHOD_MATCH = YES;
				COPY_PHASE_STRIP = NO;
				DEBUG_INFORMATION_FORMAT = dwarf;
				ENABLE_STRICT_OBJC_MSGSEND = YES;
				ENABLE_TESTABILITY = YES;
				GCC_C_LANGUAGE_STANDARD = gnu11;
				GCC_DYNAMIC_NO_PIC = NO;
				GCC_NO_COMMON_BLOCKS = YES;
				GCC_OPTIMIZATION_LEVEL = 0;
				GCC_PREPROCESSOR_DEFINITIONS = (
					"DEBUG=1",
					"$(inherited)",
				);
				GCC_WARN_64_TO_32_BIT_CONVERSION = YES;
				GCC_WARN_ABOUT_RETURN_TYPE = YES_ERROR;
				GCC_WARN_UNDECLARED_SELECTOR = YES;
				GCC_WARN_UNINITIALIZED_AUTOS = YES_AGGRESSIVE;
				GCC_WARN_UNUSED_FUNCTION = YES;
				GCC_WARN_UNUSED_VARIABLE = YES;
				MACOSX_DEPLOYMENT_TARGET = 10.15;
				MTL_ENABLE_DEBUG_INFO = INCLUDE_SOURCE;
				MTL_FAST_MATH = YES;
				ONLY_ACTIVE_ARCH = YES;
				SDKROOT = macosx;
				SWIFT_ACTIVE_COMPILATION_CONDITIONS = DEBUG;
				SWIFT_OPTIMIZATION_LEVEL = "-Onone";
			};
			name = Debug;
		};
		D9A27C4B24FA0EF100E1E304 /* Release */ = {
			isa = XCBuildConfiguration;
			buildSettings = {
				ALWAYS_SEARCH_USER_PATHS = NO;
				CLANG_ANALYZER_NONNULL = YES;
				CLANG_ANALYZER_NUMBER_OBJECT_CONVERSION = YES_AGGRESSIVE;
				CLANG_CXX_LANGUAGE_STANDARD = "gnu++14";
				CLANG_CXX_LIBRARY = "libc++";
				CLANG_ENABLE_MODULES = YES;
				CLANG_ENABLE_OBJC_ARC = YES;
				CLANG_ENABLE_OBJC_WEAK = YES;
				CLANG_WARN_BLOCK_CAPTURE_AUTORELEASING = YES;
				CLANG_WARN_BOOL_CONVERSION = YES;
				CLANG_WARN_COMMA = YES;
				CLANG_WARN_CONSTANT_CONVERSION = YES;
				CLANG_WARN_DEPRECATED_OBJC_IMPLEMENTATIONS = YES;
				CLANG_WARN_DIRECT_OBJC_ISA_USAGE = YES_ERROR;
				CLANG_WARN_DOCUMENTATION_COMMENTS = YES;
				CLANG_WARN_EMPTY_BODY = YES;
				CLANG_WARN_ENUM_CONVERSION = YES;
				CLANG_WARN_INFINITE_RECURSION = YES;
				CLANG_WARN_INT_CONVERSION = YES;
				CLANG_WARN_NON_LITERAL_NULL_CONVERSION = YES;
				CLANG_WARN_OBJC_IMPLICIT_RETAIN_SELF = YES;
				CLANG_WARN_OBJC_LITERAL_CONVERSION = YES;
				CLANG_WARN_OBJC_ROOT_CLASS = YES_ERROR;
				CLANG_WARN_RANGE_LOOP_ANALYSIS = YES;
				CLANG_WARN_STRICT_PROTOTYPES = YES;
				CLANG_WARN_SUSPICIOUS_MOVE = YES;
				CLANG_WARN_UNGUARDED_AVAILABILITY = YES_AGGRESSIVE;
				CLANG_WARN_UNREACHABLE_CODE = YES;
				CLANG_WARN__DUPLICATE_METHOD_MATCH = YES;
				COPY_PHASE_STRIP = NO;
				DEBUG_INFORMATION_FORMAT = "dwarf-with-dsym";
				ENABLE_NS_ASSERTIONS = NO;
				ENABLE_STRICT_OBJC_MSGSEND = YES;
				GCC_C_LANGUAGE_STANDARD = gnu11;
				GCC_NO_COMMON_BLOCKS = YES;
				GCC_WARN_64_TO_32_BIT_CONVERSION = YES;
				GCC_WARN_ABOUT_RETURN_TYPE = YES_ERROR;
				GCC_WARN_UNDECLARED_SELECTOR = YES;
				GCC_WARN_UNINITIALIZED_AUTOS = YES_AGGRESSIVE;
				GCC_WARN_UNUSED_FUNCTION = YES;
				GCC_WARN_UNUSED_VARIABLE = YES;
				MACOSX_DEPLOYMENT_TARGET = 10.15;
				MTL_ENABLE_DEBUG_INFO = NO;
				MTL_FAST_MATH = YES;
				SDKROOT = macosx;
				SWIFT_COMPILATION_MODE = wholemodule;
				SWIFT_OPTIMIZATION_LEVEL = "-O";
			};
			name = Release;
		};
		D9A27C4D24FA0EF100E1E304 /* Debug */ = {
			isa = XCBuildConfiguration;
			buildSettings = {
				ASSETCATALOG_COMPILER_APPICON_NAME = AppIcon;
				CODE_SIGN_ENTITLEMENTS = "Programmer Toolkit/Programer_Toolkit.entitlements";
				CODE_SIGN_STYLE = Automatic;
				COMBINE_HIDPI_IMAGES = YES;
				DEVELOPMENT_ASSET_PATHS = "\"Programmer Toolkit/Preview Content\"";
				ENABLE_PREVIEWS = YES;
				INFOPLIST_FILE = "Programmer Toolkit/Info.plist";
				LD_RUNPATH_SEARCH_PATHS = (
					"$(inherited)",
					"@executable_path/../Frameworks",
				);
				MACOSX_DEPLOYMENT_TARGET = 10.15;
				PRODUCT_BUNDLE_IDENTIFIER = "dotvn.Programmer-Toolkit";
				PRODUCT_NAME = "$(TARGET_NAME)";
				SWIFT_VERSION = 5.0;
			};
			name = Debug;
		};
		D9A27C4E24FA0EF100E1E304 /* Release */ = {
			isa = XCBuildConfiguration;
			buildSettings = {
				ASSETCATALOG_COMPILER_APPICON_NAME = AppIcon;
				CODE_SIGN_ENTITLEMENTS = "Programmer Toolkit/Programer_Toolkit.entitlements";
				CODE_SIGN_STYLE = Automatic;
				COMBINE_HIDPI_IMAGES = YES;
				DEVELOPMENT_ASSET_PATHS = "\"Programmer Toolkit/Preview Content\"";
				ENABLE_PREVIEWS = YES;
				INFOPLIST_FILE = "Programmer Toolkit/Info.plist";
				LD_RUNPATH_SEARCH_PATHS = (
					"$(inherited)",
					"@executable_path/../Frameworks",
				);
				MACOSX_DEPLOYMENT_TARGET = 10.15;
				PRODUCT_BUNDLE_IDENTIFIER = "dotvn.Programmer-Toolkit";
				PRODUCT_NAME = "$(TARGET_NAME)";
				SWIFT_VERSION = 5.0;
			};
			name = Release;
		};
/* End XCBuildConfiguration section */

/* Begin XCConfigurationList section */
		D9A27C3124FA0EF000E1E304 /* Build configuration list for PBXProject "Programmer Toolkit" */ = {
			isa = XCConfigurationList;
			buildConfigurations = (
				D9A27C4A24FA0EF100E1E304 /* Debug */,
				D9A27C4B24FA0EF100E1E304 /* Release */,
			);
			defaultConfigurationIsVisible = 0;
			defaultConfigurationName = Release;
		};
		D9A27C4C24FA0EF100E1E304 /* Build configuration list for PBXNativeTarget "Programmer Toolkit" */ = {
			isa = XCConfigurationList;
			buildConfigurations = (
				D9A27C4D24FA0EF100E1E304 /* Debug */,
				D9A27C4E24FA0EF100E1E304 /* Release */,
			);
			defaultConfigurationIsVisible = 0;
			defaultConfigurationName = Release;
		};
/* End XCConfigurationList section */

/* Begin XCVersionGroup section */
		D9A27C3D24FA0EF000E1E304 /* Programer_Toolkit.xcdatamodeld */ = {
			isa = XCVersionGroup;
			children = (
				D9A27C3E24FA0EF000E1E304 /* Programer_Toolkit.xcdatamodel */,
			);
			currentVersion = D9A27C3E24FA0EF000E1E304 /* Programer_Toolkit.xcdatamodel */;
			path = Programer_Toolkit.xcdatamodeld;
			sourceTree = "<group>";
			versionGroupType = wrapper.xcdatamodel;
		};
/* End XCVersionGroup section */
	};
	rootObject = D9A27C2E24FA0EF000E1E304 /* Project object */;
}
